// !$*UTF8*$!
{
	archiveVersion = 1;
	classes = {
	};
	objectVersion = 50;
	objects = {

/* Begin PBXBuildFile section */
		9F02F84F23193690006E017C /* TodayViewController.swift in Sources */ = {isa = PBXBuildFile; fileRef = 9F02F84E23193690006E017C /* TodayViewController.swift */; };
		9F02F85123197EAE006E017C /* OpenWeatherAPI.swift in Sources */ = {isa = PBXBuildFile; fileRef = 9F02F85023197EAE006E017C /* OpenWeatherAPI.swift */; };
		9F02F853231AB729006E017C /* WheatherInfo.swift in Sources */ = {isa = PBXBuildFile; fileRef = 9F02F852231AB729006E017C /* WheatherInfo.swift */; };
		9F3317322318A1CE005F15B1 /* AppDelegate.swift in Sources */ = {isa = PBXBuildFile; fileRef = 9F3317312318A1CE005F15B1 /* AppDelegate.swift */; };
		9F3317342318A1CE005F15B1 /* ViewController.swift in Sources */ = {isa = PBXBuildFile; fileRef = 9F3317332318A1CE005F15B1 /* ViewController.swift */; };
		9F3317372318A1CE005F15B1 /* Main.storyboard in Resources */ = {isa = PBXBuildFile; fileRef = 9F3317352318A1CE005F15B1 /* Main.storyboard */; };
		9F3317392318A1CE005F15B1 /* Assets.xcassets in Resources */ = {isa = PBXBuildFile; fileRef = 9F3317382318A1CE005F15B1 /* Assets.xcassets */; };
		9F33173C2318A1CE005F15B1 /* LaunchScreen.storyboard in Resources */ = {isa = PBXBuildFile; fileRef = 9F33173A2318A1CE005F15B1 /* LaunchScreen.storyboard */; };
		9F6E0B412325618B008FC889 /* Wheather.swift in Sources */ = {isa = PBXBuildFile; fileRef = 9F6E0B402325618A008FC889 /* Wheather.swift */; };
		9FC1A91D2326B56600294CF5 /* ResponseParser.swift in Sources */ = {isa = PBXBuildFile; fileRef = 9FC1A91C2326B56600294CF5 /* ResponseParser.swift */; };
/* End PBXBuildFile section */

/* Begin PBXFileReference section */
		9F02F84E23193690006E017C /* TodayViewController.swift */ = {isa = PBXFileReference; lastKnownFileType = sourcecode.swift; path = TodayViewController.swift; sourceTree = "<group>"; };
		9F02F85023197EAE006E017C /* OpenWeatherAPI.swift */ = {isa = PBXFileReference; lastKnownFileType = sourcecode.swift; path = OpenWeatherAPI.swift; sourceTree = "<group>"; };
		9F02F852231AB729006E017C /* WheatherInfo.swift */ = {isa = PBXFileReference; lastKnownFileType = sourcecode.swift; path = WheatherInfo.swift; sourceTree = "<group>"; };
		9F33172E2318A1CE005F15B1 /* Wheather..app */ = {isa = PBXFileReference; explicitFileType = wrapper.application; includeInIndex = 0; path = Wheather..app; sourceTree = BUILT_PRODUCTS_DIR; };
		9F3317312318A1CE005F15B1 /* AppDelegate.swift */ = {isa = PBXFileReference; lastKnownFileType = sourcecode.swift; path = AppDelegate.swift; sourceTree = "<group>"; };
		9F3317332318A1CE005F15B1 /* ViewController.swift */ = {isa = PBXFileReference; lastKnownFileType = sourcecode.swift; path = ViewController.swift; sourceTree = "<group>"; };
		9F3317362318A1CE005F15B1 /* Base */ = {isa = PBXFileReference; lastKnownFileType = file.storyboard; name = Base; path = Base.lproj/Main.storyboard; sourceTree = "<group>"; };
		9F3317382318A1CE005F15B1 /* Assets.xcassets */ = {isa = PBXFileReference; lastKnownFileType = folder.assetcatalog; path = Assets.xcassets; sourceTree = "<group>"; };
		9F33173B2318A1CE005F15B1 /* Base */ = {isa = PBXFileReference; lastKnownFileType = file.storyboard; name = Base; path = Base.lproj/LaunchScreen.storyboard; sourceTree = "<group>"; };
		9F33173D2318A1CE005F15B1 /* Info.plist */ = {isa = PBXFileReference; lastKnownFileType = text.plist.xml; path = Info.plist; sourceTree = "<group>"; };
		9F6E0B402325618A008FC889 /* Wheather.swift */ = {isa = PBXFileReference; lastKnownFileType = sourcecode.swift; path = Wheather.swift; sourceTree = "<group>"; };
		9FC1A91C2326B56600294CF5 /* ResponseParser.swift */ = {isa = PBXFileReference; lastKnownFileType = sourcecode.swift; path = ResponseParser.swift; sourceTree = "<group>"; };
/* End PBXFileReference section */

/* Begin PBXFrameworksBuildPhase section */
		9F33172B2318A1CE005F15B1 /* Frameworks */ = {
			isa = PBXFrameworksBuildPhase;
			buildActionMask = 2147483647;
			files = (
			);
			runOnlyForDeploymentPostprocessing = 0;
		};
/* End PBXFrameworksBuildPhase section */

/* Begin PBXGroup section */
		9F3317252318A1CE005F15B1 = {
			isa = PBXGroup;
			children = (
				9F3317302318A1CE005F15B1 /* Wheather. */,
				9F33172F2318A1CE005F15B1 /* Products */,
			);
			sourceTree = "<group>";
		};
		9F33172F2318A1CE005F15B1 /* Products */ = {
			isa = PBXGroup;
			children = (
				9F33172E2318A1CE005F15B1 /* Wheather..app */,
			);
			name = Products;
			sourceTree = "<group>";
		};
		9F3317302318A1CE005F15B1 /* Wheather. */ = {
			isa = PBXGroup;
			children = (
				9F3317312318A1CE005F15B1 /* AppDelegate.swift */,
				9F3317332318A1CE005F15B1 /* ViewController.swift */,
				9F3317352318A1CE005F15B1 /* Main.storyboard */,
				9F02F85023197EAE006E017C /* OpenWeatherAPI.swift */,
				9FC1A91C2326B56600294CF5 /* ResponseParser.swift */,
				9F6E0B402325618A008FC889 /* Wheather.swift */,
				9F02F852231AB729006E017C /* WheatherInfo.swift */,
				9F02F84E23193690006E017C /* TodayViewController.swift */,
				9F3317382318A1CE005F15B1 /* Assets.xcassets */,
				9F33173A2318A1CE005F15B1 /* LaunchScreen.storyboard */,
				9F33173D2318A1CE005F15B1 /* Info.plist */,
			);
			path = Wheather.;
			sourceTree = "<group>";
		};
/* End PBXGroup section */

/* Begin PBXNativeTarget section */
		9F33172D2318A1CE005F15B1 /* Wheather. */ = {
			isa = PBXNativeTarget;
			buildConfigurationList = 9F3317402318A1CE005F15B1 /* Build configuration list for PBXNativeTarget "Wheather." */;
			buildPhases = (
				9F33172A2318A1CE005F15B1 /* Sources */,
				9F33172B2318A1CE005F15B1 /* Frameworks */,
				9F33172C2318A1CE005F15B1 /* Resources */,
			);
			buildRules = (
			);
			dependencies = (
			);
			name = Wheather.;
			productName = Wheather.;
			productReference = 9F33172E2318A1CE005F15B1 /* Wheather..app */;
			productType = "com.apple.product-type.application";
		};
/* End PBXNativeTarget section */

/* Begin PBXProject section */
		9F3317262318A1CE005F15B1 /* Project object */ = {
			isa = PBXProject;
			attributes = {
				LastSwiftUpdateCheck = 1030;
				LastUpgradeCheck = 1030;
				ORGANIZATIONNAME = "Федор";
				TargetAttributes = {
					9F33172D2318A1CE005F15B1 = {
						CreatedOnToolsVersion = 10.3;
					};
				};
			};
			buildConfigurationList = 9F3317292318A1CE005F15B1 /* Build configuration list for PBXProject "Wheather." */;
			compatibilityVersion = "Xcode 9.3";
			developmentRegion = en;
			hasScannedForEncodings = 0;
			knownRegions = (
				en,
				Base,
			);
			mainGroup = 9F3317252318A1CE005F15B1;
			productRefGroup = 9F33172F2318A1CE005F15B1 /* Products */;
			projectDirPath = "";
			projectRoot = "";
			targets = (
				9F33172D2318A1CE005F15B1 /* Wheather. */,
			);
		};
/* End PBXProject section */

/* Begin PBXResourcesBuildPhase section */
		9F33172C2318A1CE005F15B1 /* Resources */ = {
			isa = PBXResourcesBuildPhase;
			buildActionMask = 2147483647;
			files = (
				9F33173C2318A1CE005F15B1 /* LaunchScreen.storyboard in Resources */,
				9F3317392318A1CE005F15B1 /* Assets.xcassets in Resources */,
				9F3317372318A1CE005F15B1 /* Main.storyboard in Resources */,
			);
			runOnlyForDeploymentPostprocessing = 0;
		};
/* End PBXResourcesBuildPhase section */

/* Begin PBXSourcesBuildPhase section */
		9F33172A2318A1CE005F15B1 /* Sources */ = {
			isa = PBXSourcesBuildPhase;
			buildActionMask = 2147483647;
			files = (
				9F3317342318A1CE005F15B1 /* ViewController.swift in Sources */,
				9F02F85123197EAE006E017C /* OpenWeatherAPI.swift in Sources */,
				9F3317322318A1CE005F15B1 /* AppDelegate.swift in Sources */,
				9F02F853231AB729006E017C /* WheatherInfo.swift in Sources */,
				9F02F84F23193690006E017C /* TodayViewController.swift in Sources */,
				9F6E0B412325618B008FC889 /* Wheather.swift in Sources */,
				9FC1A91D2326B56600294CF5 /* ResponseParser.swift in Sources */,
			);
			runOnlyForDeploymentPostprocessing = 0;
		};
/* End PBXSourcesBuildPhase section */

/* Begin PBXVariantGroup section */
		9F3317352318A1CE005F15B1 /* Main.storyboard */ = {
			isa = PBXVariantGroup;
			children = (
				9F3317362318A1CE005F15B1 /* Base */,
			);
			name = Main.storyboard;
			sourceTree = "<group>";
		};
		9F33173A2318A1CE005F15B1 /* LaunchScreen.storyboard */ = {
			isa = PBXVariantGroup;
			children = (
				9F33173B2318A1CE005F15B1 /* Base */,
			);
			name = LaunchScreen.storyboard;
			sourceTree = "<group>";
		};
/* End PBXVariantGroup section */

/* Begin XCBuildConfiguration section */
		9F33173E2318A1CE005F15B1 /* Debug */ = {
			isa = XCBuildConfiguration;
			buildSettings = {
				ALWAYS_SEARCH_USER_PATHS = NO;
				CLANG_ANALYZER_NONNULL = YES;
				CLANG_ANALYZER_NUMBER_OBJECT_CONVERSION = YES_AGGRESSIVE;
				CLANG_CXX_LANGUAGE_STANDARD = "gnu++14";
				CLANG_CXX_LIBRARY = "libc++";
				CLANG_ENABLE_MODULES = YES;
				CLANG_ENABLE_OBJC_ARC = YES;
				CLANG_ENABLE_OBJC_WEAK = YES;
				CLANG_WARN_BLOCK_CAPTURE_AUTORELEASING = YES;
				CLANG_WARN_BOOL_CONVERSION = YES;
				CLANG_WARN_COMMA = YES;
				CLANG_WARN_CONSTANT_CONVERSION = YES;
				CLANG_WARN_DEPRECATED_OBJC_IMPLEMENTATIONS = YES;
				CLANG_WARN_DIRECT_OBJC_ISA_USAGE = YES_ERROR;
				CLANG_WARN_DOCUMENTATION_COMMENTS = YES;
				CLANG_WARN_EMPTY_BODY = YES;
				CLANG_WARN_ENUM_CONVERSION = YES;
				CLANG_WARN_INFINITE_RECURSION = YES;
				CLANG_WARN_INT_CONVERSION = YES;
				CLANG_WARN_NON_LITERAL_NULL_CONVERSION = YES;
				CLANG_WARN_OBJC_IMPLICIT_RETAIN_SELF = YES;
				CLANG_WARN_OBJC_LITERAL_CONVERSION = YES;
				CLANG_WARN_OBJC_ROOT_CLASS = YES_ERROR;
				CLANG_WARN_RANGE_LOOP_ANALYSIS = YES;
				CLANG_WARN_STRICT_PROTOTYPES = YES;
				CLANG_WARN_SUSPICIOUS_MOVE = YES;
				CLANG_WARN_UNGUARDED_AVAILABILITY = YES_AGGRESSIVE;
				CLANG_WARN_UNREACHABLE_CODE = YES;
				CLANG_WARN__DUPLICATE_METHOD_MATCH = YES;
				CODE_SIGN_IDENTITY = "iPhone Developer";
				COPY_PHASE_STRIP = NO;
				DEBUG_INFORMATION_FORMAT = dwarf;
				ENABLE_STRICT_OBJC_MSGSEND = YES;
				ENABLE_TESTABILITY = YES;
				GCC_C_LANGUAGE_STANDARD = gnu11;
				GCC_DYNAMIC_NO_PIC = NO;
				GCC_NO_COMMON_BLOCKS = YES;
				GCC_OPTIMIZATION_LEVEL = 0;
				GCC_PREPROCESSOR_DEFINITIONS = (
					"DEBUG=1",
					"$(inherited)",
				);
				GCC_WARN_64_TO_32_BIT_CONVERSION = YES;
				GCC_WARN_ABOUT_RETURN_TYPE = YES_ERROR;
				GCC_WARN_UNDECLARED_SELECTOR = YES;
				GCC_WARN_UNINITIALIZED_AUTOS = YES_AGGRESSIVE;
				GCC_WARN_UNUSED_FUNCTION = YES;
				GCC_WARN_UNUSED_VARIABLE = YES;
				IPHONEOS_DEPLOYMENT_TARGET = 12.4;
				MTL_ENABLE_DEBUG_INFO = INCLUDE_SOURCE;
				MTL_FAST_MATH = YES;
				ONLY_ACTIVE_ARCH = YES;
				SDKROOT = iphoneos;
				SWIFT_ACTIVE_COMPILATION_CONDITIONS = DEBUG;
				SWIFT_OPTIMIZATION_LEVEL = "-Onone";
			};
			name = Debug;
		};
		9F33173F2318A1CE005F15B1 /* Release */ = {
			isa = XCBuildConfiguration;
			buildSettings = {
				ALWAYS_SEARCH_USER_PATHS = NO;
				CLANG_ANALYZER_NONNULL = YES;
				CLANG_ANALYZER_NUMBER_OBJECT_CONVERSION = YES_AGGRESSIVE;
				CLANG_CXX_LANGUAGE_STANDARD = "gnu++14";
				CLANG_CXX_LIBRARY = "libc++";
				CLANG_ENABLE_MODULES = YES;
				CLANG_ENABLE_OBJC_ARC = YES;
				CLANG_ENABLE_OBJC_WEAK = YES;
				CLANG_WARN_BLOCK_CAPTURE_AUTORELEASING = YES;
				CLANG_WARN_BOOL_CONVERSION = YES;
				CLANG_WARN_COMMA = YES;
				CLANG_WARN_CONSTANT_CONVERSION = YES;
				CLANG_WARN_DEPRECATED_OBJC_IMPLEMENTATIONS = YES;
				CLANG_WARN_DIRECT_OBJC_ISA_USAGE = YES_ERROR;
				CLANG_WARN_DOCUMENTATION_COMMENTS = YES;
				CLANG_WARN_EMPTY_BODY = YES;
				CLANG_WARN_ENUM_CONVERSION = YES;
				CLANG_WARN_INFINITE_RECURSION = YES;
				CLANG_WARN_INT_CONVERSION = YES;
				CLANG_WARN_NON_LITERAL_NULL_CONVERSION = YES;
				CLANG_WARN_OBJC_IMPLICIT_RETAIN_SELF = YES;
				CLANG_WARN_OBJC_LITERAL_CONVERSION = YES;
				CLANG_WARN_OBJC_ROOT_CLASS = YES_ERROR;
				CLANG_WARN_RANGE_LOOP_ANALYSIS = YES;
				CLANG_WARN_STRICT_PROTOTYPES = YES;
				CLANG_WARN_SUSPICIOUS_MOVE = YES;
				CLANG_WARN_UNGUARDED_AVAILABILITY = YES_AGGRESSIVE;
				CLANG_WARN_UNREACHABLE_CODE = YES;
				CLANG_WARN__DUPLICATE_METHOD_MATCH = YES;
				CODE_SIGN_IDENTITY = "iPhone Developer";
				COPY_PHASE_STRIP = NO;
				DEBUG_INFORMATION_FORMAT = "dwarf-with-dsym";
				ENABLE_NS_ASSERTIONS = NO;
				ENABLE_STRICT_OBJC_MSGSEND = YES;
				GCC_C_LANGUAGE_STANDARD = gnu11;
				GCC_NO_COMMON_BLOCKS = YES;
				GCC_WARN_64_TO_32_BIT_CONVERSION = YES;
				GCC_WARN_ABOUT_RETURN_TYPE = YES_ERROR;
				GCC_WARN_UNDECLARED_SELECTOR = YES;
				GCC_WARN_UNINITIALIZED_AUTOS = YES_AGGRESSIVE;
				GCC_WARN_UNUSED_FUNCTION = YES;
				GCC_WARN_UNUSED_VARIABLE = YES;
				IPHONEOS_DEPLOYMENT_TARGET = 12.4;
				MTL_ENABLE_DEBUG_INFO = NO;
				MTL_FAST_MATH = YES;
				SDKROOT = iphoneos;
				SWIFT_COMPILATION_MODE = wholemodule;
				SWIFT_OPTIMIZATION_LEVEL = "-O";
				VALIDATE_PRODUCT = YES;
			};
			name = Release;
		};
		9F3317412318A1CE005F15B1 /* Debug */ = {
			isa = XCBuildConfiguration;
			buildSettings = {
				ASSETCATALOG_COMPILER_APPICON_NAME = AppIcon;
				CODE_SIGN_STYLE = Automatic;
				DEVELOPMENT_TEAM = 7Y9YFS9FSZ;
				INFOPLIST_FILE = Wheather./Info.plist;
				IPHONEOS_DEPLOYMENT_TARGET = 12.0;
				LD_RUNPATH_SEARCH_PATHS = (
					"$(inherited)",
					"@executable_path/Frameworks",
				);
				PRODUCT_BUNDLE_IDENTIFIER = "lovecats.Wheather-";
				PRODUCT_NAME = "$(TARGET_NAME)";
				SWIFT_VERSION = 5.0;
				TARGETED_DEVICE_FAMILY = 1;
			};
			name = Debug;
		};
		9F3317422318A1CE005F15B1 /* Release */ = {
			isa = XCBuildConfiguration;
			buildSettings = {
				ASSETCATALOG_COMPILER_APPICON_NAME = AppIcon;
				CODE_SIGN_STYLE = Automatic;
				DEVELOPMENT_TEAM = 7Y9YFS9FSZ;
				INFOPLIST_FILE = Wheather./Info.plist;
				IPHONEOS_DEPLOYMENT_TARGET = 12.0;
				LD_RUNPATH_SEARCH_PATHS = (
					"$(inherited)",
					"@executable_path/Frameworks",
				);
				PRODUCT_BUNDLE_IDENTIFIER = "lovecats.Wheather-";
				PRODUCT_NAME = "$(TARGET_NAME)";
				SWIFT_VERSION = 5.0;
				TARGETED_DEVICE_FAMILY = 1;
			};
			name = Release;
		};
/* End XCBuildConfiguration section */

/* Begin XCConfigurationList section */
		9F3317292318A1CE005F15B1 /* Build configuration list for PBXProject "Wheather." */ = {
			isa = XCConfigurationList;
			buildConfigurations = (
				9F33173E2318A1CE005F15B1 /* Debug */,
				9F33173F2318A1CE005F15B1 /* Release */,
			);
			defaultConfigurationIsVisible = 0;
			defaultConfigurationName = Release;
		};
		9F3317402318A1CE005F15B1 /* Build configuration list for PBXNativeTarget "Wheather." */ = {
			isa = XCConfigurationList;
			buildConfigurations = (
				9F3317412318A1CE005F15B1 /* Debug */,
				9F3317422318A1CE005F15B1 /* Release */,
			);
			defaultConfigurationIsVisible = 0;
			defaultConfigurationName = Release;
		};
/* End XCConfigurationList section */
	};
	rootObject = 9F3317262318A1CE005F15B1 /* Project object */;
}
